
Microsoft Visual Studio Solution File, Format Version 12.00
# Visual Studio Version 17
VisualStudioVersion = 17.0.32112.339
MinimumVisualStudioVersion = 10.0.40219.1
Project("{9A19103F-16F7-4668-BE54-9A1E7A4F7556}") = "CreateFilesAndFolds", "CreateFilesAndFolds.csproj", "{5358DA69-4596-46C0-B38D-115C6E8B374F}"
EndProject
Global
	GlobalSection(SolutionConfigurationPlatforms) = preSolution
		Debug|Any CPU = Debug|Any CPU
		Release|Any CPU = Release|Any CPU
	EndGlobalSection
	GlobalSection(ProjectConfigurationPlatforms) = postSolution
		{5358DA69-4596-46C0-B38D-115C6E8B374F}.Debug|Any CPU.ActiveCfg = Debug|Any CPU
		{5358DA69-4596-46C0-B38D-115C6E8B374F}.Debug|Any CPU.Build.0 = Debug|Any CPU
		{5358DA69-4596-46C0-B38D-115C6E8B374F}.Release|Any CPU.ActiveCfg = Release|Any CPU
		{5358DA69-4596-46C0-B38D-115C6E8B374F}.Release|Any CPU.Build.0 = Release|Any CPU
	EndGlobalSection
	GlobalSection(SolutionProperties) = preSolution
		HideSolutionNode = FALSE
	EndGlobalSection
	GlobalSection(ExtensibilityGlobals) = postSolution
		SolutionGuid = {3160823E-67C9-4008-B644-2C62E1F8FDB4}
	EndGlobalSection
EndGlobal
